
Microsoft Visual Studio Solution File, Format Version 12.00
# Visual Studio Version 17
VisualStudioVersion = 17.4.33213.308
MinimumVisualStudioVersion = 10.0.40219.1
Project("{FAE04EC0-301F-11D3-BF4B-00C04F79EFBC}") = "IdentityAndUserManagement", "IdentityAndUserManagement\IdentityAndUserManagement.csproj", "{10F46C91-8C5F-4DF3-84AB-758723907B00}"
EndProject
Global
	GlobalSection(SolutionConfigurationPlatforms) = preSolution
		Debug|Any CPU = Debug|Any CPU
		Release|Any CPU = Release|Any CPU
	EndGlobalSection
	GlobalSection(ProjectConfigurationPlatforms) = postSolution
		{10F46C91-8C5F-4DF3-84AB-758723907B00}.Debug|Any CPU.ActiveCfg = Debug|Any CPU
		{10F46C91-8C5F-4DF3-84AB-758723907B00}.Debug|Any CPU.Build.0 = Debug|Any CPU
		{10F46C91-8C5F-4DF3-84AB-758723907B00}.Release|Any CPU.ActiveCfg = Release|Any CPU
		{10F46C91-8C5F-4DF3-84AB-758723907B00}.Release|Any CPU.Build.0 = Release|Any CPU
	EndGlobalSection
	GlobalSection(SolutionProperties) = preSolution
		HideSolutionNode = FALSE
	EndGlobalSection
	GlobalSection(ExtensibilityGlobals) = postSolution
		SolutionGuid = {65FAE0E7-A4F4-42CC-9B1D-6C70C378588F}
	EndGlobalSection
EndGlobal
